
Microsoft Visual Studio Solution File, Format Version 12.00
# Visual Studio 15
VisualStudioVersion = 15.0.26510.0
MinimumVisualStudioVersion = 10.0.40219.1
Project("{D954291E-2A0B-460D-934E-DC6B0785DB48}") = "Monocle", "monocle\Monocle\Monocle.shproj", "{82EC3E85-4417-4290-9FCA-F1DD4B0ED6B2}"
EndProject
Project("{FAE04EC0-301F-11D3-BF4B-00C04F79EFBC}") = "Monocle.Android", "monocle\Monocle.Android\Monocle.Android.csproj", "{32050BF1-E91F-440A-96FB-DBBCD6EB5CED}"
EndProject
Project("{FAE04EC0-301F-11D3-BF4B-00C04F79EFBC}") = "Monocle.iOS", "monocle\Monocle.iOS\Monocle.iOS.csproj", "{3875FDBB-E380-4205-93FC-3CFF0C0B6A7F}"
EndProject
Project("{FAE04EC0-301F-11D3-BF4B-00C04F79EFBC}") = "Monocle.UWP", "monocle\Monocle.UWP\Monocle.UWP.csproj", "{F2D533BE-0697-40F5-B377-682A4C939420}"
EndProject
Global
	GlobalSection(SharedMSBuildProjectFiles) = preSolution
		monocle\Monocle\Monocle.projitems*{3875fdbb-e380-4205-93fc-3cff0c0b6a7f}*SharedItemsImports = 4
		monocle\Monocle\Monocle.projitems*{82ec3e85-4417-4290-9fca-f1dd4b0ed6b2}*SharedItemsImports = 13
		monocle\Monocle\Monocle.projitems*{f2d533be-0697-40f5-b377-682a4c939420}*SharedItemsImports = 4
	EndGlobalSection
	GlobalSection(SolutionConfigurationPlatforms) = preSolution
		Ad-Hoc|Any CPU = Ad-Hoc|Any CPU
		Ad-Hoc|ARM = Ad-Hoc|ARM
		Ad-Hoc|iPhone = Ad-Hoc|iPhone
		Ad-Hoc|iPhoneSimulator = Ad-Hoc|iPhoneSimulator
		Ad-Hoc|x64 = Ad-Hoc|x64
		Ad-Hoc|x86 = Ad-Hoc|x86
		AppStore|Any CPU = AppStore|Any CPU
		AppStore|ARM = AppStore|ARM
		AppStore|iPhone = AppStore|iPhone
		AppStore|iPhoneSimulator = AppStore|iPhoneSimulator
		AppStore|x64 = AppStore|x64
		AppStore|x86 = AppStore|x86
		Debug|Any CPU = Debug|Any CPU
		Debug|ARM = Debug|ARM
		Debug|iPhone = Debug|iPhone
		Debug|iPhoneSimulator = Debug|iPhoneSimulator
		Debug|x64 = Debug|x64
		Debug|x86 = Debug|x86
		Release|Any CPU = Release|Any CPU
		Release|ARM = Release|ARM
		Release|iPhone = Release|iPhone
		Release|iPhoneSimulator = Release|iPhoneSimulator
		Release|x64 = Release|x64
		Release|x86 = Release|x86
	EndGlobalSection
	GlobalSection(ProjectConfigurationPlatforms) = postSolution
		{32050BF1-E91F-440A-96FB-DBBCD6EB5CED}.Ad-Hoc|Any CPU.ActiveCfg = Release|Any CPU
		{32050BF1-E91F-440A-96FB-DBBCD6EB5CED}.Ad-Hoc|Any CPU.Build.0 = Release|Any CPU
		{32050BF1-E91F-440A-96FB-DBBCD6EB5CED}.Ad-Hoc|Any CPU.Deploy.0 = Release|Any CPU
		{32050BF1-E91F-440A-96FB-DBBCD6EB5CED}.Ad-Hoc|ARM.ActiveCfg = Release|Any CPU
		{32050BF1-E91F-440A-96FB-DBBCD6EB5CED}.Ad-Hoc|ARM.Build.0 = Release|Any CPU
		{32050BF1-E91F-440A-96FB-DBBCD6EB5CED}.Ad-Hoc|ARM.Deploy.0 = Release|Any CPU
		{32050BF1-E91F-440A-96FB-DBBCD6EB5CED}.Ad-Hoc|iPhone.ActiveCfg = Release|Any CPU
		{32050BF1-E91F-440A-96FB-DBBCD6EB5CED}.Ad-Hoc|iPhone.Build.0 = Release|Any CPU
		{32050BF1-E91F-440A-96FB-DBBCD6EB5CED}.Ad-Hoc|iPhone.Deploy.0 = Release|Any CPU
		{32050BF1-E91F-440A-96FB-DBBCD6EB5CED}.Ad-Hoc|iPhoneSimulator.ActiveCfg = Release|Any CPU
		{32050BF1-E91F-440A-96FB-DBBCD6EB5CED}.Ad-Hoc|iPhoneSimulator.Build.0 = Release|Any CPU
		{32050BF1-E91F-440A-96FB-DBBCD6EB5CED}.Ad-Hoc|iPhoneSimulator.Deploy.0 = Release|Any CPU
		{32050BF1-E91F-440A-96FB-DBBCD6EB5CED}.Ad-Hoc|x64.ActiveCfg = Release|Any CPU
		{32050BF1-E91F-440A-96FB-DBBCD6EB5CED}.Ad-Hoc|x64.Build.0 = Release|Any CPU
		{32050BF1-E91F-440A-96FB-DBBCD6EB5CED}.Ad-Hoc|x64.Deploy.0 = Release|Any CPU
		{32050BF1-E91F-440A-96FB-DBBCD6EB5CED}.Ad-Hoc|x86.ActiveCfg = Release|Any CPU
		{32050BF1-E91F-440A-96FB-DBBCD6EB5CED}.Ad-Hoc|x86.Build.0 = Release|Any CPU
		{32050BF1-E91F-440A-96FB-DBBCD6EB5CED}.Ad-Hoc|x86.Deploy.0 = Release|Any CPU
		{32050BF1-E91F-440A-96FB-DBBCD6EB5CED}.AppStore|Any CPU.ActiveCfg = Release|Any CPU
		{32050BF1-E91F-440A-96FB-DBBCD6EB5CED}.AppStore|Any CPU.Build.0 = Release|Any CPU
		{32050BF1-E91F-440A-96FB-DBBCD6EB5CED}.AppStore|Any CPU.Deploy.0 = Release|Any CPU
		{32050BF1-E91F-440A-96FB-DBBCD6EB5CED}.AppStore|ARM.ActiveCfg = Release|Any CPU
		{32050BF1-E91F-440A-96FB-DBBCD6EB5CED}.AppStore|ARM.Build.0 = Release|Any CPU
		{32050BF1-E91F-440A-96FB-DBBCD6EB5CED}.AppStore|ARM.Deploy.0 = Release|Any CPU
		{32050BF1-E91F-440A-96FB-DBBCD6EB5CED}.AppStore|iPhone.ActiveCfg = Release|Any CPU
		{32050BF1-E91F-440A-96FB-DBBCD6EB5CED}.AppStore|iPhone.Build.0 = Release|Any CPU
		{32050BF1-E91F-440A-96FB-DBBCD6EB5CED}.AppStore|iPhone.Deploy.0 = Release|Any CPU
		{32050BF1-E91F-440A-96FB-DBBCD6EB5CED}.AppStore|iPhoneSimulator.ActiveCfg = Release|Any CPU
		{32050BF1-E91F-440A-96FB-DBBCD6EB5CED}.AppStore|iPhoneSimulator.Build.0 = Release|Any CPU
		{32050BF1-E91F-440A-96FB-DBBCD6EB5CED}.AppStore|iPhoneSimulator.Deploy.0 = Release|Any CPU
		{32050BF1-E91F-440A-96FB-DBBCD6EB5CED}.AppStore|x64.ActiveCfg = Release|Any CPU
		{32050BF1-E91F-440A-96FB-DBBCD6EB5CED}.AppStore|x64.Build.0 = Release|Any CPU
		{32050BF1-E91F-440A-96FB-DBBCD6EB5CED}.AppStore|x64.Deploy.0 = Release|Any CPU
		{32050BF1-E91F-440A-96FB-DBBCD6EB5CED}.AppStore|x86.ActiveCfg = Release|Any CPU
		{32050BF1-E91F-440A-96FB-DBBCD6EB5CED}.AppStore|x86.Build.0 = Release|Any CPU
		{32050BF1-E91F-440A-96FB-DBBCD6EB5CED}.AppStore|x86.Deploy.0 = Release|Any CPU
		{32050BF1-E91F-440A-96FB-DBBCD6EB5CED}.Debug|Any CPU.ActiveCfg = Debug|Any CPU
		{32050BF1-E91F-440A-96FB-DBBCD6EB5CED}.Debug|Any CPU.Build.0 = Debug|Any CPU
		{32050BF1-E91F-440A-96FB-DBBCD6EB5CED}.Debug|Any CPU.Deploy.0 = Debug|Any CPU
		{32050BF1-E91F-440A-96FB-DBBCD6EB5CED}.Debug|ARM.ActiveCfg = Debug|Any CPU
		{32050BF1-E91F-440A-96FB-DBBCD6EB5CED}.Debug|ARM.Build.0 = Debug|Any CPU
		{32050BF1-E91F-440A-96FB-DBBCD6EB5CED}.Debug|ARM.Deploy.0 = Debug|Any CPU
		{32050BF1-E91F-440A-96FB-DBBCD6EB5CED}.Debug|iPhone.ActiveCfg = Debug|Any CPU
		{32050BF1-E91F-440A-96FB-DBBCD6EB5CED}.Debug|iPhone.Build.0 = Debug|Any CPU
		{32050BF1-E91F-440A-96FB-DBBCD6EB5CED}.Debug|iPhone.Deploy.0 = Debug|Any CPU
		{32050BF1-E91F-440A-96FB-DBBCD6EB5CED}.Debug|iPhoneSimulator.ActiveCfg = Debug|Any CPU
		{32050BF1-E91F-440A-96FB-DBBCD6EB5CED}.Debug|iPhoneSimulator.Build.0 = Debug|Any CPU
		{32050BF1-E91F-440A-96FB-DBBCD6EB5CED}.Debug|iPhoneSimulator.Deploy.0 = Debug|Any CPU
		{32050BF1-E91F-440A-96FB-DBBCD6EB5CED}.Debug|x64.ActiveCfg = Debug|Any CPU
		{32050BF1-E91F-440A-96FB-DBBCD6EB5CED}.Debug|x64.Build.0 = Debug|Any CPU
		{32050BF1-E91F-440A-96FB-DBBCD6EB5CED}.Debug|x64.Deploy.0 = Debug|Any CPU
		{32050BF1-E91F-440A-96FB-DBBCD6EB5CED}.Debug|x86.ActiveCfg = Debug|Any CPU
		{32050BF1-E91F-440A-96FB-DBBCD6EB5CED}.Debug|x86.Build.0 = Debug|Any CPU
		{32050BF1-E91F-440A-96FB-DBBCD6EB5CED}.Debug|x86.Deploy.0 = Debug|Any CPU
		{32050BF1-E91F-440A-96FB-DBBCD6EB5CED}.Release|Any CPU.ActiveCfg = Release|Any CPU
		{32050BF1-E91F-440A-96FB-DBBCD6EB5CED}.Release|Any CPU.Build.0 = Release|Any CPU
		{32050BF1-E91F-440A-96FB-DBBCD6EB5CED}.Release|Any CPU.Deploy.0 = Release|Any CPU
		{32050BF1-E91F-440A-96FB-DBBCD6EB5CED}.Release|ARM.ActiveCfg = Release|Any CPU
		{32050BF1-E91F-440A-96FB-DBBCD6EB5CED}.Release|ARM.Build.0 = Release|Any CPU
		{32050BF1-E91F-440A-96FB-DBBCD6EB5CED}.Release|ARM.Deploy.0 = Release|Any CPU
		{32050BF1-E91F-440A-96FB-DBBCD6EB5CED}.Release|iPhone.ActiveCfg = Release|Any CPU
		{32050BF1-E91F-440A-96FB-DBBCD6EB5CED}.Release|iPhone.Build.0 = Release|Any CPU
		{32050BF1-E91F-440A-96FB-DBBCD6EB5CED}.Release|iPhone.Deploy.0 = Release|Any CPU
		{32050BF1-E91F-440A-96FB-DBBCD6EB5CED}.Release|iPhoneSimulator.ActiveCfg = Release|Any CPU
		{32050BF1-E91F-440A-96FB-DBBCD6EB5CED}.Release|iPhoneSimulator.Build.0 = Release|Any CPU
		{32050BF1-E91F-440A-96FB-DBBCD6EB5CED}.Release|iPhoneSimulator.Deploy.0 = Release|Any CPU
		{32050BF1-E91F-440A-96FB-DBBCD6EB5CED}.Release|x64.ActiveCfg = Release|Any CPU
		{32050BF1-E91F-440A-96FB-DBBCD6EB5CED}.Release|x64.Build.0 = Release|Any CPU
		{32050BF1-E91F-440A-96FB-DBBCD6EB5CED}.Release|x64.Deploy.0 = Release|Any CPU
		{32050BF1-E91F-440A-96FB-DBBCD6EB5CED}.Release|x86.ActiveCfg = Release|Any CPU
		{32050BF1-E91F-440A-96FB-DBBCD6EB5CED}.Release|x86.Build.0 = Release|Any CPU
		{32050BF1-E91F-440A-96FB-DBBCD6EB5CED}.Release|x86.Deploy.0 = Release|Any CPU
		{3875FDBB-E380-4205-93FC-3CFF0C0B6A7F}.Ad-Hoc|Any CPU.ActiveCfg = Ad-Hoc|iPhone
		{3875FDBB-E380-4205-93FC-3CFF0C0B6A7F}.Ad-Hoc|ARM.ActiveCfg = Ad-Hoc|iPhone
		{3875FDBB-E380-4205-93FC-3CFF0C0B6A7F}.Ad-Hoc|iPhone.ActiveCfg = Ad-Hoc|iPhone
		{3875FDBB-E380-4205-93FC-3CFF0C0B6A7F}.Ad-Hoc|iPhone.Build.0 = Ad-Hoc|iPhone
		{3875FDBB-E380-4205-93FC-3CFF0C0B6A7F}.Ad-Hoc|iPhoneSimulator.ActiveCfg = Ad-Hoc|iPhoneSimulator
		{3875FDBB-E380-4205-93FC-3CFF0C0B6A7F}.Ad-Hoc|iPhoneSimulator.Build.0 = Ad-Hoc|iPhoneSimulator
		{3875FDBB-E380-4205-93FC-3CFF0C0B6A7F}.Ad-Hoc|x64.ActiveCfg = Ad-Hoc|iPhone
		{3875FDBB-E380-4205-93FC-3CFF0C0B6A7F}.Ad-Hoc|x86.ActiveCfg = Ad-Hoc|iPhone
		{3875FDBB-E380-4205-93FC-3CFF0C0B6A7F}.AppStore|Any CPU.ActiveCfg = AppStore|iPhone
		{3875FDBB-E380-4205-93FC-3CFF0C0B6A7F}.AppStore|ARM.ActiveCfg = AppStore|iPhone
		{3875FDBB-E380-4205-93FC-3CFF0C0B6A7F}.AppStore|iPhone.ActiveCfg = AppStore|iPhone
		{3875FDBB-E380-4205-93FC-3CFF0C0B6A7F}.AppStore|iPhone.Build.0 = AppStore|iPhone
		{3875FDBB-E380-4205-93FC-3CFF0C0B6A7F}.AppStore|iPhoneSimulator.ActiveCfg = AppStore|iPhoneSimulator
		{3875FDBB-E380-4205-93FC-3CFF0C0B6A7F}.AppStore|iPhoneSimulator.Build.0 = AppStore|iPhoneSimulator
		{3875FDBB-E380-4205-93FC-3CFF0C0B6A7F}.AppStore|x64.ActiveCfg = AppStore|iPhone
		{3875FDBB-E380-4205-93FC-3CFF0C0B6A7F}.AppStore|x86.ActiveCfg = AppStore|iPhone
		{3875FDBB-E380-4205-93FC-3CFF0C0B6A7F}.Debug|Any CPU.ActiveCfg = Debug|iPhone
		{3875FDBB-E380-4205-93FC-3CFF0C0B6A7F}.Debug|ARM.ActiveCfg = Debug|iPhone
		{3875FDBB-E380-4205-93FC-3CFF0C0B6A7F}.Debug|iPhone.ActiveCfg = Debug|iPhone
		{3875FDBB-E380-4205-93FC-3CFF0C0B6A7F}.Debug|iPhone.Build.0 = Debug|iPhone
		{3875FDBB-E380-4205-93FC-3CFF0C0B6A7F}.Debug|iPhoneSimulator.ActiveCfg = Debug|iPhoneSimulator
		{3875FDBB-E380-4205-93FC-3CFF0C0B6A7F}.Debug|iPhoneSimulator.Build.0 = Debug|iPhoneSimulator
		{3875FDBB-E380-4205-93FC-3CFF0C0B6A7F}.Debug|x64.ActiveCfg = Debug|iPhone
		{3875FDBB-E380-4205-93FC-3CFF0C0B6A7F}.Debug|x86.ActiveCfg = Debug|iPhone
		{3875FDBB-E380-4205-93FC-3CFF0C0B6A7F}.Release|Any CPU.ActiveCfg = Release|iPhone
		{3875FDBB-E380-4205-93FC-3CFF0C0B6A7F}.Release|ARM.ActiveCfg = Release|iPhone
		{3875FDBB-E380-4205-93FC-3CFF0C0B6A7F}.Release|iPhone.ActiveCfg = Release|iPhone
		{3875FDBB-E380-4205-93FC-3CFF0C0B6A7F}.Release|iPhone.Build.0 = Release|iPhone
		{3875FDBB-E380-4205-93FC-3CFF0C0B6A7F}.Release|iPhoneSimulator.ActiveCfg = Release|iPhoneSimulator
		{3875FDBB-E380-4205-93FC-3CFF0C0B6A7F}.Release|iPhoneSimulator.Build.0 = Release|iPhoneSimulator
		{3875FDBB-E380-4205-93FC-3CFF0C0B6A7F}.Release|x64.ActiveCfg = Release|iPhone
		{3875FDBB-E380-4205-93FC-3CFF0C0B6A7F}.Release|x86.ActiveCfg = Release|iPhone
		{F2D533BE-0697-40F5-B377-682A4C939420}.Ad-Hoc|Any CPU.ActiveCfg = Release|x86
		{F2D533BE-0697-40F5-B377-682A4C939420}.Ad-Hoc|Any CPU.Build.0 = Release|x86
		{F2D533BE-0697-40F5-B377-682A4C939420}.Ad-Hoc|Any CPU.Deploy.0 = Release|x86
		{F2D533BE-0697-40F5-B377-682A4C939420}.Ad-Hoc|ARM.ActiveCfg = Release|ARM
		{F2D533BE-0697-40F5-B377-682A4C939420}.Ad-Hoc|ARM.Build.0 = Release|ARM
		{F2D533BE-0697-40F5-B377-682A4C939420}.Ad-Hoc|ARM.Deploy.0 = Release|ARM
		{F2D533BE-0697-40F5-B377-682A4C939420}.Ad-Hoc|iPhone.ActiveCfg = Release|x86
		{F2D533BE-0697-40F5-B377-682A4C939420}.Ad-Hoc|iPhone.Build.0 = Release|x86
		{F2D533BE-0697-40F5-B377-682A4C939420}.Ad-Hoc|iPhone.Deploy.0 = Release|x86
		{F2D533BE-0697-40F5-B377-682A4C939420}.Ad-Hoc|iPhoneSimulator.ActiveCfg = Release|x86
		{F2D533BE-0697-40F5-B377-682A4C939420}.Ad-Hoc|iPhoneSimulator.Build.0 = Release|x86
		{F2D533BE-0697-40F5-B377-682A4C939420}.Ad-Hoc|iPhoneSimulator.Deploy.0 = Release|x86
		{F2D533BE-0697-40F5-B377-682A4C939420}.Ad-Hoc|x64.ActiveCfg = Release|x64
		{F2D533BE-0697-40F5-B377-682A4C939420}.Ad-Hoc|x64.Build.0 = Release|x64
		{F2D533BE-0697-40F5-B377-682A4C939420}.Ad-Hoc|x64.Deploy.0 = Release|x64
		{F2D533BE-0697-40F5-B377-682A4C939420}.Ad-Hoc|x86.ActiveCfg = Release|x86
		{F2D533BE-0697-40F5-B377-682A4C939420}.Ad-Hoc|x86.Build.0 = Release|x86
		{F2D533BE-0697-40F5-B377-682A4C939420}.Ad-Hoc|x86.Deploy.0 = Release|x86
		{F2D533BE-0697-40F5-B377-682A4C939420}.AppStore|Any CPU.ActiveCfg = Release|x86
		{F2D533BE-0697-40F5-B377-682A4C939420}.AppStore|Any CPU.Build.0 = Release|x86
		{F2D533BE-0697-40F5-B377-682A4C939420}.AppStore|Any CPU.Deploy.0 = Release|x86
		{F2D533BE-0697-40F5-B377-682A4C939420}.AppStore|ARM.ActiveCfg = Release|ARM
		{F2D533BE-0697-40F5-B377-682A4C939420}.AppStore|ARM.Build.0 = Release|ARM
		{F2D533BE-0697-40F5-B377-682A4C939420}.AppStore|ARM.Deploy.0 = Release|ARM
		{F2D533BE-0697-40F5-B377-682A4C939420}.AppStore|iPhone.ActiveCfg = Release|x86
		{F2D533BE-0697-40F5-B377-682A4C939420}.AppStore|iPhone.Build.0 = Release|x86
		{F2D533BE-0697-40F5-B377-682A4C939420}.AppStore|iPhone.Deploy.0 = Release|x86
		{F2D533BE-0697-40F5-B377-682A4C939420}.AppStore|iPhoneSimulator.ActiveCfg = Release|x86
		{F2D533BE-0697-40F5-B377-682A4C939420}.AppStore|iPhoneSimulator.Build.0 = Release|x86
		{F2D533BE-0697-40F5-B377-682A4C939420}.AppStore|iPhoneSimulator.Deploy.0 = Release|x86
		{F2D533BE-0697-40F5-B377-682A4C939420}.AppStore|x64.ActiveCfg = Release|x64
		{F2D533BE-0697-40F5-B377-682A4C939420}.AppStore|x64.Build.0 = Release|x64
		{F2D533BE-0697-40F5-B377-682A4C939420}.AppStore|x64.Deploy.0 = Release|x64
		{F2D533BE-0697-40F5-B377-682A4C939420}.AppStore|x86.ActiveCfg = Release|x86
		{F2D533BE-0697-40F5-B377-682A4C939420}.AppStore|x86.Build.0 = Release|x86
		{F2D533BE-0697-40F5-B377-682A4C939420}.AppStore|x86.Deploy.0 = Release|x86
		{F2D533BE-0697-40F5-B377-682A4C939420}.Debug|Any CPU.ActiveCfg = Debug|x86
		{F2D533BE-0697-40F5-B377-682A4C939420}.Debug|ARM.ActiveCfg = Debug|ARM
		{F2D533BE-0697-40F5-B377-682A4C939420}.Debug|ARM.Build.0 = Debug|ARM
		{F2D533BE-0697-40F5-B377-682A4C939420}.Debug|ARM.Deploy.0 = Debug|ARM
		{F2D533BE-0697-40F5-B377-682A4C939420}.Debug|iPhone.ActiveCfg = Debug|x86
		{F2D533BE-0697-40F5-B377-682A4C939420}.Debug|iPhoneSimulator.ActiveCfg = Debug|x86
		{F2D533BE-0697-40F5-B377-682A4C939420}.Debug|x64.ActiveCfg = Debug|x64
		{F2D533BE-0697-40F5-B377-682A4C939420}.Debug|x64.Build.0 = Debug|x64
		{F2D533BE-0697-40F5-B377-682A4C939420}.Debug|x64.Deploy.0 = Debug|x64
		{F2D533BE-0697-40F5-B377-682A4C939420}.Debug|x86.ActiveCfg = Debug|x86
		{F2D533BE-0697-40F5-B377-682A4C939420}.Debug|x86.Build.0 = Debug|x86
		{F2D533BE-0697-40F5-B377-682A4C939420}.Debug|x86.Deploy.0 = Debug|x86
		{F2D533BE-0697-40F5-B377-682A4C939420}.Release|Any CPU.ActiveCfg = Release|x86
		{F2D533BE-0697-40F5-B377-682A4C939420}.Release|ARM.ActiveCfg = Release|ARM
		{F2D533BE-0697-40F5-B377-682A4C939420}.Release|ARM.Build.0 = Release|ARM
		{F2D533BE-0697-40F5-B377-682A4C939420}.Release|ARM.Deploy.0 = Release|ARM
		{F2D533BE-0697-40F5-B377-682A4C939420}.Release|iPhone.ActiveCfg = Release|x86
		{F2D533BE-0697-40F5-B377-682A4C939420}.Release|iPhoneSimulator.ActiveCfg = Release|x86
		{F2D533BE-0697-40F5-B377-682A4C939420}.Release|x64.ActiveCfg = Release|x64
		{F2D533BE-0697-40F5-B377-682A4C939420}.Release|x64.Build.0 = Release|x64
		{F2D533BE-0697-40F5-B377-682A4C939420}.Release|x64.Deploy.0 = Release|x64
		{F2D533BE-0697-40F5-B377-682A4C939420}.Release|x86.ActiveCfg = Release|x86
		{F2D533BE-0697-40F5-B377-682A4C939420}.Release|x86.Build.0 = Release|x86
		{F2D533BE-0697-40F5-B377-682A4C939420}.Release|x86.Deploy.0 = Release|x86
	EndGlobalSection
	GlobalSection(SolutionProperties) = preSolution
		HideSolutionNode = FALSE
	EndGlobalSection
EndGlobal
