
Microsoft Visual Studio Solution File, Format Version 12.00
# Visual Studio 15
VisualStudioVersion = 15.0.26510.0
MinimumVisualStudioVersion = 10.0.40219.1
Project("{FAE04EC0-301F-11D3-BF4B-00C04F79EFBC}") = "Monocle.Android", "Monocle\Monocle.Android\Monocle.Android.csproj", "{82F21B93-15FF-4ABC-A686-D931F5B16511}"
EndProject
Project("{FAE04EC0-301F-11D3-BF4B-00C04F79EFBC}") = "Monocle", "Monocle\Monocle\Monocle.csproj", "{485078F5-8B26-4181-9223-B11B64BD7D07}"
EndProject
Project("{FAE04EC0-301F-11D3-BF4B-00C04F79EFBC}") = "Monocle.UWP", "Monocle\Monocle.UWP\Monocle.UWP.csproj", "{71959B92-3194-4935-8A5E-0ECF687FDFE7}"
EndProject
Project("{FAE04EC0-301F-11D3-BF4B-00C04F79EFBC}") = "Monocle.iOS", "Monocle\Monocle.iOS\Monocle.iOS.csproj", "{868C0306-F7E4-4EFB-8A58-06599B39D654}"
EndProject
Project("{FAE04EC0-301F-11D3-BF4B-00C04F79EFBC}") = "Monocle.Core", "Monocle.Core\Monocle.Core.csproj", "{67F9D3A8-F71E-4428-913F-C37AE82CDB24}"
EndProject
Global
	GlobalSection(SolutionConfigurationPlatforms) = preSolution
		Ad-Hoc|Any CPU = Ad-Hoc|Any CPU
		Ad-Hoc|ARM = Ad-Hoc|ARM
		Ad-Hoc|iPhone = Ad-Hoc|iPhone
		Ad-Hoc|iPhoneSimulator = Ad-Hoc|iPhoneSimulator
		Ad-Hoc|x64 = Ad-Hoc|x64
		Ad-Hoc|x86 = Ad-Hoc|x86
		AppStore|Any CPU = AppStore|Any CPU
		AppStore|ARM = AppStore|ARM
		AppStore|iPhone = AppStore|iPhone
		AppStore|iPhoneSimulator = AppStore|iPhoneSimulator
		AppStore|x64 = AppStore|x64
		AppStore|x86 = AppStore|x86
		Debug|Any CPU = Debug|Any CPU
		Debug|ARM = Debug|ARM
		Debug|iPhone = Debug|iPhone
		Debug|iPhoneSimulator = Debug|iPhoneSimulator
		Debug|x64 = Debug|x64
		Debug|x86 = Debug|x86
		Release|Any CPU = Release|Any CPU
		Release|ARM = Release|ARM
		Release|iPhone = Release|iPhone
		Release|iPhoneSimulator = Release|iPhoneSimulator
		Release|x64 = Release|x64
		Release|x86 = Release|x86
	EndGlobalSection
	GlobalSection(ProjectConfigurationPlatforms) = postSolution
		{82F21B93-15FF-4ABC-A686-D931F5B16511}.Ad-Hoc|Any CPU.ActiveCfg = Release|Any CPU
		{82F21B93-15FF-4ABC-A686-D931F5B16511}.Ad-Hoc|Any CPU.Build.0 = Release|Any CPU
		{82F21B93-15FF-4ABC-A686-D931F5B16511}.Ad-Hoc|Any CPU.Deploy.0 = Release|Any CPU
		{82F21B93-15FF-4ABC-A686-D931F5B16511}.Ad-Hoc|ARM.ActiveCfg = Release|Any CPU
		{82F21B93-15FF-4ABC-A686-D931F5B16511}.Ad-Hoc|ARM.Build.0 = Release|Any CPU
		{82F21B93-15FF-4ABC-A686-D931F5B16511}.Ad-Hoc|ARM.Deploy.0 = Release|Any CPU
		{82F21B93-15FF-4ABC-A686-D931F5B16511}.Ad-Hoc|iPhone.ActiveCfg = Release|Any CPU
		{82F21B93-15FF-4ABC-A686-D931F5B16511}.Ad-Hoc|iPhone.Build.0 = Release|Any CPU
		{82F21B93-15FF-4ABC-A686-D931F5B16511}.Ad-Hoc|iPhone.Deploy.0 = Release|Any CPU
		{82F21B93-15FF-4ABC-A686-D931F5B16511}.Ad-Hoc|iPhoneSimulator.ActiveCfg = Release|Any CPU
		{82F21B93-15FF-4ABC-A686-D931F5B16511}.Ad-Hoc|iPhoneSimulator.Build.0 = Release|Any CPU
		{82F21B93-15FF-4ABC-A686-D931F5B16511}.Ad-Hoc|iPhoneSimulator.Deploy.0 = Release|Any CPU
		{82F21B93-15FF-4ABC-A686-D931F5B16511}.Ad-Hoc|x64.ActiveCfg = Release|Any CPU
		{82F21B93-15FF-4ABC-A686-D931F5B16511}.Ad-Hoc|x64.Build.0 = Release|Any CPU
		{82F21B93-15FF-4ABC-A686-D931F5B16511}.Ad-Hoc|x64.Deploy.0 = Release|Any CPU
		{82F21B93-15FF-4ABC-A686-D931F5B16511}.Ad-Hoc|x86.ActiveCfg = Release|Any CPU
		{82F21B93-15FF-4ABC-A686-D931F5B16511}.Ad-Hoc|x86.Build.0 = Release|Any CPU
		{82F21B93-15FF-4ABC-A686-D931F5B16511}.Ad-Hoc|x86.Deploy.0 = Release|Any CPU
		{82F21B93-15FF-4ABC-A686-D931F5B16511}.AppStore|Any CPU.ActiveCfg = Release|Any CPU
		{82F21B93-15FF-4ABC-A686-D931F5B16511}.AppStore|Any CPU.Build.0 = Release|Any CPU
		{82F21B93-15FF-4ABC-A686-D931F5B16511}.AppStore|Any CPU.Deploy.0 = Release|Any CPU
		{82F21B93-15FF-4ABC-A686-D931F5B16511}.AppStore|ARM.ActiveCfg = Release|Any CPU
		{82F21B93-15FF-4ABC-A686-D931F5B16511}.AppStore|ARM.Build.0 = Release|Any CPU
		{82F21B93-15FF-4ABC-A686-D931F5B16511}.AppStore|ARM.Deploy.0 = Release|Any CPU
		{82F21B93-15FF-4ABC-A686-D931F5B16511}.AppStore|iPhone.ActiveCfg = Release|Any CPU
		{82F21B93-15FF-4ABC-A686-D931F5B16511}.AppStore|iPhone.Build.0 = Release|Any CPU
		{82F21B93-15FF-4ABC-A686-D931F5B16511}.AppStore|iPhone.Deploy.0 = Release|Any CPU
		{82F21B93-15FF-4ABC-A686-D931F5B16511}.AppStore|iPhoneSimulator.ActiveCfg = Release|Any CPU
		{82F21B93-15FF-4ABC-A686-D931F5B16511}.AppStore|iPhoneSimulator.Build.0 = Release|Any CPU
		{82F21B93-15FF-4ABC-A686-D931F5B16511}.AppStore|iPhoneSimulator.Deploy.0 = Release|Any CPU
		{82F21B93-15FF-4ABC-A686-D931F5B16511}.AppStore|x64.ActiveCfg = Release|Any CPU
		{82F21B93-15FF-4ABC-A686-D931F5B16511}.AppStore|x64.Build.0 = Release|Any CPU
		{82F21B93-15FF-4ABC-A686-D931F5B16511}.AppStore|x64.Deploy.0 = Release|Any CPU
		{82F21B93-15FF-4ABC-A686-D931F5B16511}.AppStore|x86.ActiveCfg = Release|Any CPU
		{82F21B93-15FF-4ABC-A686-D931F5B16511}.AppStore|x86.Build.0 = Release|Any CPU
		{82F21B93-15FF-4ABC-A686-D931F5B16511}.AppStore|x86.Deploy.0 = Release|Any CPU
		{82F21B93-15FF-4ABC-A686-D931F5B16511}.Debug|Any CPU.ActiveCfg = Debug|Any CPU
		{82F21B93-15FF-4ABC-A686-D931F5B16511}.Debug|Any CPU.Build.0 = Debug|Any CPU
		{82F21B93-15FF-4ABC-A686-D931F5B16511}.Debug|Any CPU.Deploy.0 = Debug|Any CPU
		{82F21B93-15FF-4ABC-A686-D931F5B16511}.Debug|ARM.ActiveCfg = Debug|Any CPU
		{82F21B93-15FF-4ABC-A686-D931F5B16511}.Debug|ARM.Build.0 = Debug|Any CPU
		{82F21B93-15FF-4ABC-A686-D931F5B16511}.Debug|ARM.Deploy.0 = Debug|Any CPU
		{82F21B93-15FF-4ABC-A686-D931F5B16511}.Debug|iPhone.ActiveCfg = Debug|Any CPU
		{82F21B93-15FF-4ABC-A686-D931F5B16511}.Debug|iPhone.Build.0 = Debug|Any CPU
		{82F21B93-15FF-4ABC-A686-D931F5B16511}.Debug|iPhone.Deploy.0 = Debug|Any CPU
		{82F21B93-15FF-4ABC-A686-D931F5B16511}.Debug|iPhoneSimulator.ActiveCfg = Debug|Any CPU
		{82F21B93-15FF-4ABC-A686-D931F5B16511}.Debug|iPhoneSimulator.Build.0 = Debug|Any CPU
		{82F21B93-15FF-4ABC-A686-D931F5B16511}.Debug|iPhoneSimulator.Deploy.0 = Debug|Any CPU
		{82F21B93-15FF-4ABC-A686-D931F5B16511}.Debug|x64.ActiveCfg = Debug|Any CPU
		{82F21B93-15FF-4ABC-A686-D931F5B16511}.Debug|x64.Build.0 = Debug|Any CPU
		{82F21B93-15FF-4ABC-A686-D931F5B16511}.Debug|x64.Deploy.0 = Debug|Any CPU
		{82F21B93-15FF-4ABC-A686-D931F5B16511}.Debug|x86.ActiveCfg = Debug|Any CPU
		{82F21B93-15FF-4ABC-A686-D931F5B16511}.Debug|x86.Build.0 = Debug|Any CPU
		{82F21B93-15FF-4ABC-A686-D931F5B16511}.Debug|x86.Deploy.0 = Debug|Any CPU
		{82F21B93-15FF-4ABC-A686-D931F5B16511}.Release|Any CPU.ActiveCfg = Release|Any CPU
		{82F21B93-15FF-4ABC-A686-D931F5B16511}.Release|Any CPU.Build.0 = Release|Any CPU
		{82F21B93-15FF-4ABC-A686-D931F5B16511}.Release|Any CPU.Deploy.0 = Release|Any CPU
		{82F21B93-15FF-4ABC-A686-D931F5B16511}.Release|ARM.ActiveCfg = Release|Any CPU
		{82F21B93-15FF-4ABC-A686-D931F5B16511}.Release|ARM.Build.0 = Release|Any CPU
		{82F21B93-15FF-4ABC-A686-D931F5B16511}.Release|ARM.Deploy.0 = Release|Any CPU
		{82F21B93-15FF-4ABC-A686-D931F5B16511}.Release|iPhone.ActiveCfg = Release|Any CPU
		{82F21B93-15FF-4ABC-A686-D931F5B16511}.Release|iPhone.Build.0 = Release|Any CPU
		{82F21B93-15FF-4ABC-A686-D931F5B16511}.Release|iPhone.Deploy.0 = Release|Any CPU
		{82F21B93-15FF-4ABC-A686-D931F5B16511}.Release|iPhoneSimulator.ActiveCfg = Release|Any CPU
		{82F21B93-15FF-4ABC-A686-D931F5B16511}.Release|iPhoneSimulator.Build.0 = Release|Any CPU
		{82F21B93-15FF-4ABC-A686-D931F5B16511}.Release|iPhoneSimulator.Deploy.0 = Release|Any CPU
		{82F21B93-15FF-4ABC-A686-D931F5B16511}.Release|x64.ActiveCfg = Release|Any CPU
		{82F21B93-15FF-4ABC-A686-D931F5B16511}.Release|x64.Build.0 = Release|Any CPU
		{82F21B93-15FF-4ABC-A686-D931F5B16511}.Release|x64.Deploy.0 = Release|Any CPU
		{82F21B93-15FF-4ABC-A686-D931F5B16511}.Release|x86.ActiveCfg = Release|Any CPU
		{82F21B93-15FF-4ABC-A686-D931F5B16511}.Release|x86.Build.0 = Release|Any CPU
		{82F21B93-15FF-4ABC-A686-D931F5B16511}.Release|x86.Deploy.0 = Release|Any CPU
		{485078F5-8B26-4181-9223-B11B64BD7D07}.Ad-Hoc|Any CPU.ActiveCfg = Release|Any CPU
		{485078F5-8B26-4181-9223-B11B64BD7D07}.Ad-Hoc|Any CPU.Build.0 = Release|Any CPU
		{485078F5-8B26-4181-9223-B11B64BD7D07}.Ad-Hoc|ARM.ActiveCfg = Release|Any CPU
		{485078F5-8B26-4181-9223-B11B64BD7D07}.Ad-Hoc|ARM.Build.0 = Release|Any CPU
		{485078F5-8B26-4181-9223-B11B64BD7D07}.Ad-Hoc|iPhone.ActiveCfg = Release|Any CPU
		{485078F5-8B26-4181-9223-B11B64BD7D07}.Ad-Hoc|iPhone.Build.0 = Release|Any CPU
		{485078F5-8B26-4181-9223-B11B64BD7D07}.Ad-Hoc|iPhoneSimulator.ActiveCfg = Release|Any CPU
		{485078F5-8B26-4181-9223-B11B64BD7D07}.Ad-Hoc|iPhoneSimulator.Build.0 = Release|Any CPU
		{485078F5-8B26-4181-9223-B11B64BD7D07}.Ad-Hoc|x64.ActiveCfg = Release|Any CPU
		{485078F5-8B26-4181-9223-B11B64BD7D07}.Ad-Hoc|x64.Build.0 = Release|Any CPU
		{485078F5-8B26-4181-9223-B11B64BD7D07}.Ad-Hoc|x86.ActiveCfg = Release|Any CPU
		{485078F5-8B26-4181-9223-B11B64BD7D07}.Ad-Hoc|x86.Build.0 = Release|Any CPU
		{485078F5-8B26-4181-9223-B11B64BD7D07}.AppStore|Any CPU.ActiveCfg = Release|Any CPU
		{485078F5-8B26-4181-9223-B11B64BD7D07}.AppStore|Any CPU.Build.0 = Release|Any CPU
		{485078F5-8B26-4181-9223-B11B64BD7D07}.AppStore|ARM.ActiveCfg = Release|Any CPU
		{485078F5-8B26-4181-9223-B11B64BD7D07}.AppStore|ARM.Build.0 = Release|Any CPU
		{485078F5-8B26-4181-9223-B11B64BD7D07}.AppStore|iPhone.ActiveCfg = Release|Any CPU
		{485078F5-8B26-4181-9223-B11B64BD7D07}.AppStore|iPhone.Build.0 = Release|Any CPU
		{485078F5-8B26-4181-9223-B11B64BD7D07}.AppStore|iPhoneSimulator.ActiveCfg = Release|Any CPU
		{485078F5-8B26-4181-9223-B11B64BD7D07}.AppStore|iPhoneSimulator.Build.0 = Release|Any CPU
		{485078F5-8B26-4181-9223-B11B64BD7D07}.AppStore|x64.ActiveCfg = Release|Any CPU
		{485078F5-8B26-4181-9223-B11B64BD7D07}.AppStore|x64.Build.0 = Release|Any CPU
		{485078F5-8B26-4181-9223-B11B64BD7D07}.AppStore|x86.ActiveCfg = Release|Any CPU
		{485078F5-8B26-4181-9223-B11B64BD7D07}.AppStore|x86.Build.0 = Release|Any CPU
		{485078F5-8B26-4181-9223-B11B64BD7D07}.Debug|Any CPU.ActiveCfg = Debug|Any CPU
		{485078F5-8B26-4181-9223-B11B64BD7D07}.Debug|Any CPU.Build.0 = Debug|Any CPU
		{485078F5-8B26-4181-9223-B11B64BD7D07}.Debug|ARM.ActiveCfg = Debug|Any CPU
		{485078F5-8B26-4181-9223-B11B64BD7D07}.Debug|ARM.Build.0 = Debug|Any CPU
		{485078F5-8B26-4181-9223-B11B64BD7D07}.Debug|iPhone.ActiveCfg = Debug|Any CPU
		{485078F5-8B26-4181-9223-B11B64BD7D07}.Debug|iPhone.Build.0 = Debug|Any CPU
		{485078F5-8B26-4181-9223-B11B64BD7D07}.Debug|iPhoneSimulator.ActiveCfg = Debug|Any CPU
		{485078F5-8B26-4181-9223-B11B64BD7D07}.Debug|iPhoneSimulator.Build.0 = Debug|Any CPU
		{485078F5-8B26-4181-9223-B11B64BD7D07}.Debug|x64.ActiveCfg = Debug|Any CPU
		{485078F5-8B26-4181-9223-B11B64BD7D07}.Debug|x64.Build.0 = Debug|Any CPU
		{485078F5-8B26-4181-9223-B11B64BD7D07}.Debug|x86.ActiveCfg = Debug|Any CPU
		{485078F5-8B26-4181-9223-B11B64BD7D07}.Debug|x86.Build.0 = Debug|Any CPU
		{485078F5-8B26-4181-9223-B11B64BD7D07}.Release|Any CPU.ActiveCfg = Release|Any CPU
		{485078F5-8B26-4181-9223-B11B64BD7D07}.Release|Any CPU.Build.0 = Release|Any CPU
		{485078F5-8B26-4181-9223-B11B64BD7D07}.Release|ARM.ActiveCfg = Release|Any CPU
		{485078F5-8B26-4181-9223-B11B64BD7D07}.Release|ARM.Build.0 = Release|Any CPU
		{485078F5-8B26-4181-9223-B11B64BD7D07}.Release|iPhone.ActiveCfg = Release|Any CPU
		{485078F5-8B26-4181-9223-B11B64BD7D07}.Release|iPhone.Build.0 = Release|Any CPU
		{485078F5-8B26-4181-9223-B11B64BD7D07}.Release|iPhoneSimulator.ActiveCfg = Release|Any CPU
		{485078F5-8B26-4181-9223-B11B64BD7D07}.Release|iPhoneSimulator.Build.0 = Release|Any CPU
		{485078F5-8B26-4181-9223-B11B64BD7D07}.Release|x64.ActiveCfg = Release|Any CPU
		{485078F5-8B26-4181-9223-B11B64BD7D07}.Release|x64.Build.0 = Release|Any CPU
		{485078F5-8B26-4181-9223-B11B64BD7D07}.Release|x86.ActiveCfg = Release|Any CPU
		{485078F5-8B26-4181-9223-B11B64BD7D07}.Release|x86.Build.0 = Release|Any CPU
		{71959B92-3194-4935-8A5E-0ECF687FDFE7}.Ad-Hoc|Any CPU.ActiveCfg = Release|x86
		{71959B92-3194-4935-8A5E-0ECF687FDFE7}.Ad-Hoc|Any CPU.Build.0 = Release|x86
		{71959B92-3194-4935-8A5E-0ECF687FDFE7}.Ad-Hoc|Any CPU.Deploy.0 = Release|x86
		{71959B92-3194-4935-8A5E-0ECF687FDFE7}.Ad-Hoc|ARM.ActiveCfg = Release|ARM
		{71959B92-3194-4935-8A5E-0ECF687FDFE7}.Ad-Hoc|ARM.Build.0 = Release|ARM
		{71959B92-3194-4935-8A5E-0ECF687FDFE7}.Ad-Hoc|ARM.Deploy.0 = Release|ARM
		{71959B92-3194-4935-8A5E-0ECF687FDFE7}.Ad-Hoc|iPhone.ActiveCfg = Release|x86
		{71959B92-3194-4935-8A5E-0ECF687FDFE7}.Ad-Hoc|iPhone.Build.0 = Release|x86
		{71959B92-3194-4935-8A5E-0ECF687FDFE7}.Ad-Hoc|iPhone.Deploy.0 = Release|x86
		{71959B92-3194-4935-8A5E-0ECF687FDFE7}.Ad-Hoc|iPhoneSimulator.ActiveCfg = Release|x86
		{71959B92-3194-4935-8A5E-0ECF687FDFE7}.Ad-Hoc|iPhoneSimulator.Build.0 = Release|x86
		{71959B92-3194-4935-8A5E-0ECF687FDFE7}.Ad-Hoc|iPhoneSimulator.Deploy.0 = Release|x86
		{71959B92-3194-4935-8A5E-0ECF687FDFE7}.Ad-Hoc|x64.ActiveCfg = Release|x64
		{71959B92-3194-4935-8A5E-0ECF687FDFE7}.Ad-Hoc|x64.Build.0 = Release|x64
		{71959B92-3194-4935-8A5E-0ECF687FDFE7}.Ad-Hoc|x64.Deploy.0 = Release|x64
		{71959B92-3194-4935-8A5E-0ECF687FDFE7}.Ad-Hoc|x86.ActiveCfg = Release|x86
		{71959B92-3194-4935-8A5E-0ECF687FDFE7}.Ad-Hoc|x86.Build.0 = Release|x86
		{71959B92-3194-4935-8A5E-0ECF687FDFE7}.Ad-Hoc|x86.Deploy.0 = Release|x86
		{71959B92-3194-4935-8A5E-0ECF687FDFE7}.AppStore|Any CPU.ActiveCfg = Release|x86
		{71959B92-3194-4935-8A5E-0ECF687FDFE7}.AppStore|Any CPU.Build.0 = Release|x86
		{71959B92-3194-4935-8A5E-0ECF687FDFE7}.AppStore|Any CPU.Deploy.0 = Release|x86
		{71959B92-3194-4935-8A5E-0ECF687FDFE7}.AppStore|ARM.ActiveCfg = Release|ARM
		{71959B92-3194-4935-8A5E-0ECF687FDFE7}.AppStore|ARM.Build.0 = Release|ARM
		{71959B92-3194-4935-8A5E-0ECF687FDFE7}.AppStore|ARM.Deploy.0 = Release|ARM
		{71959B92-3194-4935-8A5E-0ECF687FDFE7}.AppStore|iPhone.ActiveCfg = Release|x86
		{71959B92-3194-4935-8A5E-0ECF687FDFE7}.AppStore|iPhone.Build.0 = Release|x86
		{71959B92-3194-4935-8A5E-0ECF687FDFE7}.AppStore|iPhone.Deploy.0 = Release|x86
		{71959B92-3194-4935-8A5E-0ECF687FDFE7}.AppStore|iPhoneSimulator.ActiveCfg = Release|x86
		{71959B92-3194-4935-8A5E-0ECF687FDFE7}.AppStore|iPhoneSimulator.Build.0 = Release|x86
		{71959B92-3194-4935-8A5E-0ECF687FDFE7}.AppStore|iPhoneSimulator.Deploy.0 = Release|x86
		{71959B92-3194-4935-8A5E-0ECF687FDFE7}.AppStore|x64.ActiveCfg = Release|x64
		{71959B92-3194-4935-8A5E-0ECF687FDFE7}.AppStore|x64.Build.0 = Release|x64
		{71959B92-3194-4935-8A5E-0ECF687FDFE7}.AppStore|x64.Deploy.0 = Release|x64
		{71959B92-3194-4935-8A5E-0ECF687FDFE7}.AppStore|x86.ActiveCfg = Release|x86
		{71959B92-3194-4935-8A5E-0ECF687FDFE7}.AppStore|x86.Build.0 = Release|x86
		{71959B92-3194-4935-8A5E-0ECF687FDFE7}.AppStore|x86.Deploy.0 = Release|x86
		{71959B92-3194-4935-8A5E-0ECF687FDFE7}.Debug|Any CPU.ActiveCfg = Debug|x86
		{71959B92-3194-4935-8A5E-0ECF687FDFE7}.Debug|ARM.ActiveCfg = Debug|ARM
		{71959B92-3194-4935-8A5E-0ECF687FDFE7}.Debug|ARM.Build.0 = Debug|ARM
		{71959B92-3194-4935-8A5E-0ECF687FDFE7}.Debug|ARM.Deploy.0 = Debug|ARM
		{71959B92-3194-4935-8A5E-0ECF687FDFE7}.Debug|iPhone.ActiveCfg = Debug|x86
		{71959B92-3194-4935-8A5E-0ECF687FDFE7}.Debug|iPhoneSimulator.ActiveCfg = Debug|x86
		{71959B92-3194-4935-8A5E-0ECF687FDFE7}.Debug|x64.ActiveCfg = Debug|x64
		{71959B92-3194-4935-8A5E-0ECF687FDFE7}.Debug|x64.Build.0 = Debug|x64
		{71959B92-3194-4935-8A5E-0ECF687FDFE7}.Debug|x64.Deploy.0 = Debug|x64
		{71959B92-3194-4935-8A5E-0ECF687FDFE7}.Debug|x86.ActiveCfg = Debug|x86
		{71959B92-3194-4935-8A5E-0ECF687FDFE7}.Debug|x86.Build.0 = Debug|x86
		{71959B92-3194-4935-8A5E-0ECF687FDFE7}.Debug|x86.Deploy.0 = Debug|x86
		{71959B92-3194-4935-8A5E-0ECF687FDFE7}.Release|Any CPU.ActiveCfg = Release|x86
		{71959B92-3194-4935-8A5E-0ECF687FDFE7}.Release|ARM.ActiveCfg = Release|ARM
		{71959B92-3194-4935-8A5E-0ECF687FDFE7}.Release|ARM.Build.0 = Release|ARM
		{71959B92-3194-4935-8A5E-0ECF687FDFE7}.Release|ARM.Deploy.0 = Release|ARM
		{71959B92-3194-4935-8A5E-0ECF687FDFE7}.Release|iPhone.ActiveCfg = Release|x86
		{71959B92-3194-4935-8A5E-0ECF687FDFE7}.Release|iPhoneSimulator.ActiveCfg = Release|x86
		{71959B92-3194-4935-8A5E-0ECF687FDFE7}.Release|x64.ActiveCfg = Release|x64
		{71959B92-3194-4935-8A5E-0ECF687FDFE7}.Release|x64.Build.0 = Release|x64
		{71959B92-3194-4935-8A5E-0ECF687FDFE7}.Release|x64.Deploy.0 = Release|x64
		{71959B92-3194-4935-8A5E-0ECF687FDFE7}.Release|x86.ActiveCfg = Release|x86
		{71959B92-3194-4935-8A5E-0ECF687FDFE7}.Release|x86.Build.0 = Release|x86
		{71959B92-3194-4935-8A5E-0ECF687FDFE7}.Release|x86.Deploy.0 = Release|x86
		{868C0306-F7E4-4EFB-8A58-06599B39D654}.Ad-Hoc|Any CPU.ActiveCfg = Ad-Hoc|iPhone
		{868C0306-F7E4-4EFB-8A58-06599B39D654}.Ad-Hoc|ARM.ActiveCfg = Ad-Hoc|iPhone
		{868C0306-F7E4-4EFB-8A58-06599B39D654}.Ad-Hoc|iPhone.ActiveCfg = Ad-Hoc|iPhone
		{868C0306-F7E4-4EFB-8A58-06599B39D654}.Ad-Hoc|iPhone.Build.0 = Ad-Hoc|iPhone
		{868C0306-F7E4-4EFB-8A58-06599B39D654}.Ad-Hoc|iPhoneSimulator.ActiveCfg = Ad-Hoc|iPhoneSimulator
		{868C0306-F7E4-4EFB-8A58-06599B39D654}.Ad-Hoc|iPhoneSimulator.Build.0 = Ad-Hoc|iPhoneSimulator
		{868C0306-F7E4-4EFB-8A58-06599B39D654}.Ad-Hoc|x64.ActiveCfg = Ad-Hoc|iPhone
		{868C0306-F7E4-4EFB-8A58-06599B39D654}.Ad-Hoc|x86.ActiveCfg = Ad-Hoc|iPhone
		{868C0306-F7E4-4EFB-8A58-06599B39D654}.AppStore|Any CPU.ActiveCfg = AppStore|iPhone
		{868C0306-F7E4-4EFB-8A58-06599B39D654}.AppStore|ARM.ActiveCfg = AppStore|iPhone
		{868C0306-F7E4-4EFB-8A58-06599B39D654}.AppStore|iPhone.ActiveCfg = AppStore|iPhone
		{868C0306-F7E4-4EFB-8A58-06599B39D654}.AppStore|iPhone.Build.0 = AppStore|iPhone
		{868C0306-F7E4-4EFB-8A58-06599B39D654}.AppStore|iPhoneSimulator.ActiveCfg = AppStore|iPhoneSimulator
		{868C0306-F7E4-4EFB-8A58-06599B39D654}.AppStore|iPhoneSimulator.Build.0 = AppStore|iPhoneSimulator
		{868C0306-F7E4-4EFB-8A58-06599B39D654}.AppStore|x64.ActiveCfg = AppStore|iPhone
		{868C0306-F7E4-4EFB-8A58-06599B39D654}.AppStore|x86.ActiveCfg = AppStore|iPhone
		{868C0306-F7E4-4EFB-8A58-06599B39D654}.Debug|Any CPU.ActiveCfg = Debug|iPhone
		{868C0306-F7E4-4EFB-8A58-06599B39D654}.Debug|ARM.ActiveCfg = Debug|iPhone
		{868C0306-F7E4-4EFB-8A58-06599B39D654}.Debug|iPhone.ActiveCfg = Debug|iPhone
		{868C0306-F7E4-4EFB-8A58-06599B39D654}.Debug|iPhone.Build.0 = Debug|iPhone
		{868C0306-F7E4-4EFB-8A58-06599B39D654}.Debug|iPhoneSimulator.ActiveCfg = Debug|iPhoneSimulator
		{868C0306-F7E4-4EFB-8A58-06599B39D654}.Debug|iPhoneSimulator.Build.0 = Debug|iPhoneSimulator
		{868C0306-F7E4-4EFB-8A58-06599B39D654}.Debug|x64.ActiveCfg = Debug|iPhone
		{868C0306-F7E4-4EFB-8A58-06599B39D654}.Debug|x86.ActiveCfg = Debug|iPhone
		{868C0306-F7E4-4EFB-8A58-06599B39D654}.Release|Any CPU.ActiveCfg = Release|iPhone
		{868C0306-F7E4-4EFB-8A58-06599B39D654}.Release|ARM.ActiveCfg = Release|iPhone
		{868C0306-F7E4-4EFB-8A58-06599B39D654}.Release|iPhone.ActiveCfg = Release|iPhone
		{868C0306-F7E4-4EFB-8A58-06599B39D654}.Release|iPhone.Build.0 = Release|iPhone
		{868C0306-F7E4-4EFB-8A58-06599B39D654}.Release|iPhoneSimulator.ActiveCfg = Release|iPhoneSimulator
		{868C0306-F7E4-4EFB-8A58-06599B39D654}.Release|iPhoneSimulator.Build.0 = Release|iPhoneSimulator
		{868C0306-F7E4-4EFB-8A58-06599B39D654}.Release|x64.ActiveCfg = Release|iPhone
		{868C0306-F7E4-4EFB-8A58-06599B39D654}.Release|x86.ActiveCfg = Release|iPhone
		{67F9D3A8-F71E-4428-913F-C37AE82CDB24}.Ad-Hoc|Any CPU.ActiveCfg = Release|Any CPU
		{67F9D3A8-F71E-4428-913F-C37AE82CDB24}.Ad-Hoc|Any CPU.Build.0 = Release|Any CPU
		{67F9D3A8-F71E-4428-913F-C37AE82CDB24}.Ad-Hoc|ARM.ActiveCfg = Release|Any CPU
		{67F9D3A8-F71E-4428-913F-C37AE82CDB24}.Ad-Hoc|ARM.Build.0 = Release|Any CPU
		{67F9D3A8-F71E-4428-913F-C37AE82CDB24}.Ad-Hoc|iPhone.ActiveCfg = Release|Any CPU
		{67F9D3A8-F71E-4428-913F-C37AE82CDB24}.Ad-Hoc|iPhone.Build.0 = Release|Any CPU
		{67F9D3A8-F71E-4428-913F-C37AE82CDB24}.Ad-Hoc|iPhoneSimulator.ActiveCfg = Release|Any CPU
		{67F9D3A8-F71E-4428-913F-C37AE82CDB24}.Ad-Hoc|iPhoneSimulator.Build.0 = Release|Any CPU
		{67F9D3A8-F71E-4428-913F-C37AE82CDB24}.Ad-Hoc|x64.ActiveCfg = Release|Any CPU
		{67F9D3A8-F71E-4428-913F-C37AE82CDB24}.Ad-Hoc|x64.Build.0 = Release|Any CPU
		{67F9D3A8-F71E-4428-913F-C37AE82CDB24}.Ad-Hoc|x86.ActiveCfg = Release|Any CPU
		{67F9D3A8-F71E-4428-913F-C37AE82CDB24}.Ad-Hoc|x86.Build.0 = Release|Any CPU
		{67F9D3A8-F71E-4428-913F-C37AE82CDB24}.AppStore|Any CPU.ActiveCfg = Release|Any CPU
		{67F9D3A8-F71E-4428-913F-C37AE82CDB24}.AppStore|Any CPU.Build.0 = Release|Any CPU
		{67F9D3A8-F71E-4428-913F-C37AE82CDB24}.AppStore|ARM.ActiveCfg = Release|Any CPU
		{67F9D3A8-F71E-4428-913F-C37AE82CDB24}.AppStore|ARM.Build.0 = Release|Any CPU
		{67F9D3A8-F71E-4428-913F-C37AE82CDB24}.AppStore|iPhone.ActiveCfg = Release|Any CPU
		{67F9D3A8-F71E-4428-913F-C37AE82CDB24}.AppStore|iPhone.Build.0 = Release|Any CPU
		{67F9D3A8-F71E-4428-913F-C37AE82CDB24}.AppStore|iPhoneSimulator.ActiveCfg = Release|Any CPU
		{67F9D3A8-F71E-4428-913F-C37AE82CDB24}.AppStore|iPhoneSimulator.Build.0 = Release|Any CPU
		{67F9D3A8-F71E-4428-913F-C37AE82CDB24}.AppStore|x64.ActiveCfg = Release|Any CPU
		{67F9D3A8-F71E-4428-913F-C37AE82CDB24}.AppStore|x64.Build.0 = Release|Any CPU
		{67F9D3A8-F71E-4428-913F-C37AE82CDB24}.AppStore|x86.ActiveCfg = Release|Any CPU
		{67F9D3A8-F71E-4428-913F-C37AE82CDB24}.AppStore|x86.Build.0 = Release|Any CPU
		{67F9D3A8-F71E-4428-913F-C37AE82CDB24}.Debug|Any CPU.ActiveCfg = Debug|Any CPU
		{67F9D3A8-F71E-4428-913F-C37AE82CDB24}.Debug|Any CPU.Build.0 = Debug|Any CPU
		{67F9D3A8-F71E-4428-913F-C37AE82CDB24}.Debug|ARM.ActiveCfg = Debug|Any CPU
		{67F9D3A8-F71E-4428-913F-C37AE82CDB24}.Debug|ARM.Build.0 = Debug|Any CPU
		{67F9D3A8-F71E-4428-913F-C37AE82CDB24}.Debug|iPhone.ActiveCfg = Debug|Any CPU
		{67F9D3A8-F71E-4428-913F-C37AE82CDB24}.Debug|iPhone.Build.0 = Debug|Any CPU
		{67F9D3A8-F71E-4428-913F-C37AE82CDB24}.Debug|iPhoneSimulator.ActiveCfg = Debug|Any CPU
		{67F9D3A8-F71E-4428-913F-C37AE82CDB24}.Debug|iPhoneSimulator.Build.0 = Debug|Any CPU
		{67F9D3A8-F71E-4428-913F-C37AE82CDB24}.Debug|x64.ActiveCfg = Debug|Any CPU
		{67F9D3A8-F71E-4428-913F-C37AE82CDB24}.Debug|x64.Build.0 = Debug|Any CPU
		{67F9D3A8-F71E-4428-913F-C37AE82CDB24}.Debug|x86.ActiveCfg = Debug|Any CPU
		{67F9D3A8-F71E-4428-913F-C37AE82CDB24}.Debug|x86.Build.0 = Debug|Any CPU
		{67F9D3A8-F71E-4428-913F-C37AE82CDB24}.Release|Any CPU.ActiveCfg = Release|Any CPU
		{67F9D3A8-F71E-4428-913F-C37AE82CDB24}.Release|Any CPU.Build.0 = Release|Any CPU
		{67F9D3A8-F71E-4428-913F-C37AE82CDB24}.Release|ARM.ActiveCfg = Release|Any CPU
		{67F9D3A8-F71E-4428-913F-C37AE82CDB24}.Release|ARM.Build.0 = Release|Any CPU
		{67F9D3A8-F71E-4428-913F-C37AE82CDB24}.Release|iPhone.ActiveCfg = Release|Any CPU
		{67F9D3A8-F71E-4428-913F-C37AE82CDB24}.Release|iPhone.Build.0 = Release|Any CPU
		{67F9D3A8-F71E-4428-913F-C37AE82CDB24}.Release|iPhoneSimulator.ActiveCfg = Release|Any CPU
		{67F9D3A8-F71E-4428-913F-C37AE82CDB24}.Release|iPhoneSimulator.Build.0 = Release|Any CPU
		{67F9D3A8-F71E-4428-913F-C37AE82CDB24}.Release|x64.ActiveCfg = Release|Any CPU
		{67F9D3A8-F71E-4428-913F-C37AE82CDB24}.Release|x64.Build.0 = Release|Any CPU
		{67F9D3A8-F71E-4428-913F-C37AE82CDB24}.Release|x86.ActiveCfg = Release|Any CPU
		{67F9D3A8-F71E-4428-913F-C37AE82CDB24}.Release|x86.Build.0 = Release|Any CPU
	EndGlobalSection
	GlobalSection(SolutionProperties) = preSolution
		HideSolutionNode = FALSE
	EndGlobalSection
EndGlobal
